{
  "name": "system-monitor",
  "version": "1.0.0",
  "lockfileVersion": 1,
  "requires": true,
  "dependencies": {
    "ps-list": {
      "version": "6.1.0",
      "resolved": "https://registry.npmjs.org/ps-list/-/ps-list-6.1.0.tgz",
      "integrity": "sha512-uNhwERiQ7chzQ9zbqYVx45UbrIyZDci+5lGhrSB8sa4TDtU2/0rQbTAQDeFjXbut5zml76A5Nc7GzWJ2xYhOrw=="
    }
  }
}
